
Microsoft Visual Studio Solution File, Format Version 12.00
# Visual Studio Version 16
VisualStudioVersion = 16.0.32510.428
MinimumVisualStudioVersion = 10.0.40219.1
Project("{9A19103F-16F7-4668-BE54-9A1E7A4F7556}") = "OOP.UI", "OOP.UI\OOP.UI.csproj", "{505467E5-0EC9-4D2B-8C5C-B976D682C3F4}"
EndProject
Project("{9A19103F-16F7-4668-BE54-9A1E7A4F7556}") = "OOP.domain", "OOP.domain\OOP.domain.csproj", "{5F62726C-30BF-40E6-924C-33B0D1161432}"
EndProject
Project("{9A19103F-16F7-4668-BE54-9A1E7A4F7556}") = "OOP.EF", "OOP.EF\OOP.EF.csproj", "{120D64DF-E03C-49CF-9339-CED9C33BF20B}"
EndProject
Global
	GlobalSection(SolutionConfigurationPlatforms) = preSolution
		Debug|Any CPU = Debug|Any CPU
		Release|Any CPU = Release|Any CPU
	EndGlobalSection
	GlobalSection(ProjectConfigurationPlatforms) = postSolution
		{505467E5-0EC9-4D2B-8C5C-B976D682C3F4}.Debug|Any CPU.ActiveCfg = Debug|Any CPU
		{505467E5-0EC9-4D2B-8C5C-B976D682C3F4}.Debug|Any CPU.Build.0 = Debug|Any CPU
		{505467E5-0EC9-4D2B-8C5C-B976D682C3F4}.Release|Any CPU.ActiveCfg = Release|Any CPU
		{505467E5-0EC9-4D2B-8C5C-B976D682C3F4}.Release|Any CPU.Build.0 = Release|Any CPU
		{5F62726C-30BF-40E6-924C-33B0D1161432}.Debug|Any CPU.ActiveCfg = Debug|Any CPU
		{5F62726C-30BF-40E6-924C-33B0D1161432}.Debug|Any CPU.Build.0 = Debug|Any CPU
		{5F62726C-30BF-40E6-924C-33B0D1161432}.Release|Any CPU.ActiveCfg = Release|Any CPU
		{5F62726C-30BF-40E6-924C-33B0D1161432}.Release|Any CPU.Build.0 = Release|Any CPU
		{120D64DF-E03C-49CF-9339-CED9C33BF20B}.Debug|Any CPU.ActiveCfg = Debug|Any CPU
		{120D64DF-E03C-49CF-9339-CED9C33BF20B}.Debug|Any CPU.Build.0 = Debug|Any CPU
		{120D64DF-E03C-49CF-9339-CED9C33BF20B}.Release|Any CPU.ActiveCfg = Release|Any CPU
		{120D64DF-E03C-49CF-9339-CED9C33BF20B}.Release|Any CPU.Build.0 = Release|Any CPU
	EndGlobalSection
	GlobalSection(SolutionProperties) = preSolution
		HideSolutionNode = FALSE
	EndGlobalSection
	GlobalSection(ExtensibilityGlobals) = postSolution
		SolutionGuid = {0E231073-632F-4DC2-B1DC-9611137ACCB4}
	EndGlobalSection
EndGlobal
